
Microsoft Visual Studio Solution File, Format Version 12.00
# Visual Studio Version 17
VisualStudioVersion = 17.11.35303.130
MinimumVisualStudioVersion = 10.0.40219.1
Project("{FAE04EC0-301F-11D3-BF4B-00C04F79EFBC}") = "API_AIRFAST", "API_AIRFAST\API_AIRFAST.csproj", "{F76B1C97-6355-4AE4-9003-66DE536AF890}"
EndProject
Global
	GlobalSection(SolutionConfigurationPlatforms) = preSolution
		Debug|Any CPU = Debug|Any CPU
		Release|Any CPU = Release|Any CPU
	EndGlobalSection
	GlobalSection(ProjectConfigurationPlatforms) = postSolution
		{F76B1C97-6355-4AE4-9003-66DE536AF890}.Debug|Any CPU.ActiveCfg = Debug|Any CPU
		{F76B1C97-6355-4AE4-9003-66DE536AF890}.Debug|Any CPU.Build.0 = Debug|Any CPU
		{F76B1C97-6355-4AE4-9003-66DE536AF890}.Release|Any CPU.ActiveCfg = Release|Any CPU
		{F76B1C97-6355-4AE4-9003-66DE536AF890}.Release|Any CPU.Build.0 = Release|Any CPU
	EndGlobalSection
	GlobalSection(SolutionProperties) = preSolution
		HideSolutionNode = FALSE
	EndGlobalSection
	GlobalSection(ExtensibilityGlobals) = postSolution
		SolutionGuid = {55C3CAA2-2772-4124-9DD3-422D5663C91A}
	EndGlobalSection
EndGlobal
